{
    "_readme": [
        "This file locks the dependencies of your project to a known state",
        "Read more about it at https://getcomposer.org/doc/01-basic-usage.md#installing-dependencies",
        "This file is @generated automatically"
    ],
    "content-hash": "db2c51829987781df2dc603578322385",
    "packages": [
        {
            "name": "laswitchtech/core-api",
            "version": "v1.0.2",
            "source": {
                "type": "git",
                "url": "https://github.com/LaswitchTech/coreAPI.git",
                "reference": "af67d78ab69a60730ed59706f20499a20b32210a"
            },
            "dist": {
                "type": "zip",
                "url": "https://api.github.com/repos/LaswitchTech/coreAPI/zipball/af67d78ab69a60730ed59706f20499a20b32210a",
                "reference": "af67d78ab69a60730ed59706f20499a20b32210a",
                "shasum": ""
            },
            "require": {
                "laswitchtech/core-base": "^1.1"
            },
            "type": "library",
            "autoload": {
                "psr-4": {
                    "LaswitchTech\\coreAPI\\": "src/"
                }
            },
            "notification-url": "https://packagist.org/downloads/",
            "license": [
                "MIT"
            ],
            "authors": [
                {
                    "name": "Louis Ouellet",
                    "email": "louis_ouellet@hotmail.com"
                }
            ],
            "description": "RESTful API Library for the Laswitch Core Framework",
            "support": {
                "issues": "https://github.com/LaswitchTech/coreAPI/issues",
                "source": "https://github.com/LaswitchTech/coreAPI/tree/v1.0.2"
            },
            "funding": [
                {
                    "url": "https://github.com/LaswitchTech",
                    "type": "github"
                }
            ],
            "time": "2024-07-23T18:54:19+00:00"
        },
        {
            "name": "laswitchtech/core-base",
            "version": "v1.1.5",
            "source": {
                "type": "git",
                "url": "https://github.com/LaswitchTech/coreBase.git",
                "reference": "9fd2e1157362736f4495486b552b02eb8020f32a"
            },
            "dist": {
                "type": "zip",
                "url": "https://api.github.com/repos/LaswitchTech/coreBase/zipball/9fd2e1157362736f4495486b552b02eb8020f32a",
                "reference": "9fd2e1157362736f4495486b552b02eb8020f32a",
                "shasum": ""
            },
            "require": {
                "laswitchtech/core-csrf": "^1.0",
                "laswitchtech/core-database": "^1.0"
            },
            "type": "library",
            "autoload": {
                "psr-4": {
                    "LaswitchTech\\coreBase\\": "src/"
                }
            },
            "notification-url": "https://packagist.org/downloads/",
            "license": [
                "MIT"
            ],
            "authors": [
                {
                    "name": "Louis Ouellet",
                    "email": "louis_ouellet@hotmail.com"
                }
            ],
            "description": "Base Libraries for the Laswitch Core Framework",
            "support": {
                "issues": "https://github.com/LaswitchTech/coreBase/issues",
                "source": "https://github.com/LaswitchTech/coreBase/tree/v1.1.5"
            },
            "funding": [
                {
                    "url": "https://github.com/LaswitchTech",
                    "type": "github"
                }
            ],
            "time": "2024-07-22T15:25:43+00:00"
        },
        {
            "name": "laswitchtech/core-cli",
            "version": "v1.1.0",
            "source": {
                "type": "git",
                "url": "https://github.com/LaswitchTech/coreCLI.git",
                "reference": "e29880f96bdb442be10c29f704d311b19a9f0409"
            },
            "dist": {
                "type": "zip",
                "url": "https://api.github.com/repos/LaswitchTech/coreCLI/zipball/e29880f96bdb442be10c29f704d311b19a9f0409",
                "reference": "e29880f96bdb442be10c29f704d311b19a9f0409",
                "shasum": ""
            },
            "require": {
                "laswitchtech/core-base": "^1.1"
            },
            "type": "library",
            "autoload": {
                "psr-4": {
                    "LaswitchTech\\coreCLI\\": "src/"
                }
            },
            "notification-url": "https://packagist.org/downloads/",
            "license": [
                "MIT"
            ],
            "authors": [
                {
                    "name": "Louis Ouellet",
                    "email": "louis_ouellet@hotmail.com"
                }
            ],
            "description": "Command-Line Interface Library for the Laswitch Core Framework",
            "support": {
                "issues": "https://github.com/LaswitchTech/coreCLI/issues",
                "source": "https://github.com/LaswitchTech/coreCLI/tree/v1.1.0"
            },
            "funding": [
                {
                    "url": "https://github.com/LaswitchTech",
                    "type": "github"
                }
            ],
            "time": "2024-07-24T19:03:36+00:00"
        },
        {
            "name": "laswitchtech/core-configurator",
            "version": "v1.1.3",
            "source": {
                "type": "git",
                "url": "https://github.com/LaswitchTech/coreConfigurator.git",
                "reference": "94e7ba1fda0dd66e94e0aa39d3230b99f78daa65"
            },
            "dist": {
                "type": "zip",
                "url": "https://api.github.com/repos/LaswitchTech/coreConfigurator/zipball/94e7ba1fda0dd66e94e0aa39d3230b99f78daa65",
                "reference": "94e7ba1fda0dd66e94e0aa39d3230b99f78daa65",
                "shasum": ""
            },
            "type": "library",
            "autoload": {
                "psr-4": {
                    "LaswitchTech\\coreConfigurator\\": "src/"
                }
            },
            "notification-url": "https://packagist.org/downloads/",
            "license": [
                "MIT"
            ],
            "authors": [
                {
                    "name": "Louis Ouellet",
                    "email": "louis_ouellet@hotmail.com"
                }
            ],
            "description": "Configurator Library for the Laswitch Core Framework",
            "support": {
                "issues": "https://github.com/LaswitchTech/coreConfigurator/issues",
                "source": "https://github.com/LaswitchTech/coreConfigurator/tree/v1.1.3"
            },
            "funding": [
                {
                    "url": "https://github.com/LaswitchTech",
                    "type": "github"
                }
            ],
            "time": "2024-06-26T23:53:53+00:00"
        },
        {
            "name": "laswitchtech/core-csrf",
            "version": "v1.0.2",
            "source": {
                "type": "git",
                "url": "https://github.com/LaswitchTech/coreCSRF.git",
                "reference": "4f0e3c5485e060234b0dd159775d01e2b21de092"
            },
            "dist": {
                "type": "zip",
                "url": "https://api.github.com/repos/LaswitchTech/coreCSRF/zipball/4f0e3c5485e060234b0dd159775d01e2b21de092",
                "reference": "4f0e3c5485e060234b0dd159775d01e2b21de092",
                "shasum": ""
            },
            "require": {
                "laswitchtech/core-logger": "^1.0"
            },
            "type": "library",
            "autoload": {
                "psr-4": {
                    "LaswitchTech\\coreCSRF\\": "src/"
                }
            },
            "notification-url": "https://packagist.org/downloads/",
            "license": [
                "MIT"
            ],
            "authors": [
                {
                    "name": "Louis Ouellet",
                    "email": "louis_ouellet@hotmail.com"
                }
            ],
            "description": "CSRF Library for the Laswitch Core Framework",
            "support": {
                "issues": "https://github.com/LaswitchTech/coreCSRF/issues",
                "source": "https://github.com/LaswitchTech/coreCSRF/tree/v1.0.2"
            },
            "funding": [
                {
                    "url": "https://github.com/LaswitchTech",
                    "type": "github"
                }
            ],
            "time": "2024-06-27T00:08:04+00:00"
        },
        {
            "name": "laswitchtech/core-database",
            "version": "v1.0.3",
            "source": {
                "type": "git",
                "url": "https://github.com/LaswitchTech/coreDatabase.git",
                "reference": "b238405d5906eb374775a6c87d12bc75537cf5d1"
            },
            "dist": {
                "type": "zip",
                "url": "https://api.github.com/repos/LaswitchTech/coreDatabase/zipball/b238405d5906eb374775a6c87d12bc75537cf5d1",
                "reference": "b238405d5906eb374775a6c87d12bc75537cf5d1",
                "shasum": ""
            },
            "require": {
                "laswitchtech/core-net": "^1.0"
            },
            "type": "library",
            "autoload": {
                "psr-4": {
                    "LaswitchTech\\coreDatabase\\": "src/"
                }
            },
            "notification-url": "https://packagist.org/downloads/",
            "license": [
                "MIT"
            ],
            "authors": [
                {
                    "name": "Louis Ouellet",
                    "email": "louis_ouellet@hotmail.com"
                }
            ],
            "description": "Database Library for the Laswitch Core Framework",
            "support": {
                "issues": "https://github.com/LaswitchTech/coreDatabase/issues",
                "source": "https://github.com/LaswitchTech/coreDatabase/tree/v1.0.3"
            },
            "funding": [
                {
                    "url": "https://github.com/LaswitchTech",
                    "type": "github"
                }
            ],
            "time": "2024-07-24T20:30:13+00:00"
        },
        {
            "name": "laswitchtech/core-locale",
            "version": "v1.0.2",
            "source": {
                "type": "git",
                "url": "https://github.com/LaswitchTech/coreLocale.git",
                "reference": "e1152540bbb9d0c21a2e5aa7f62d94d21bfc4c22"
            },
            "dist": {
                "type": "zip",
                "url": "https://api.github.com/repos/LaswitchTech/coreLocale/zipball/e1152540bbb9d0c21a2e5aa7f62d94d21bfc4c22",
                "reference": "e1152540bbb9d0c21a2e5aa7f62d94d21bfc4c22",
                "shasum": ""
            },
            "require": {
                "laswitchtech/core-logger": "^1.0"
            },
            "type": "library",
            "autoload": {
                "psr-4": {
                    "LaswitchTech\\coreLocale\\": "src/"
                }
            },
            "notification-url": "https://packagist.org/downloads/",
            "license": [
                "MIT"
            ],
            "authors": [
                {
                    "name": "Louis Ouellet",
                    "email": "louis_ouellet@hotmail.com"
                }
            ],
            "description": "Locale Library for the Laswitch Core Framework",
            "support": {
                "issues": "https://github.com/LaswitchTech/coreLocale/issues",
                "source": "https://github.com/LaswitchTech/coreLocale/tree/v1.0.2"
            },
            "funding": [
                {
                    "url": "https://github.com/LaswitchTech",
                    "type": "github"
                }
            ],
            "time": "2024-07-23T19:21:09+00:00"
        },
        {
            "name": "laswitchtech/core-logger",
            "version": "v1.0.4",
            "source": {
                "type": "git",
                "url": "https://github.com/LaswitchTech/coreLogger.git",
                "reference": "6201482b1004df75a707cc2223c22742896c445a"
            },
            "dist": {
                "type": "zip",
                "url": "https://api.github.com/repos/LaswitchTech/coreLogger/zipball/6201482b1004df75a707cc2223c22742896c445a",
                "reference": "6201482b1004df75a707cc2223c22742896c445a",
                "shasum": ""
            },
            "require": {
                "laswitchtech/core-configurator": "^1.0"
            },
            "type": "library",
            "autoload": {
                "psr-4": {
                    "LaswitchTech\\coreLogger\\": "src/"
                }
            },
            "notification-url": "https://packagist.org/downloads/",
            "license": [
                "MIT"
            ],
            "authors": [
                {
                    "name": "Louis Ouellet",
                    "email": "louis_ouellet@hotmail.com"
                }
            ],
            "description": "Logger Library for the Laswitch Core Framework",
            "support": {
                "issues": "https://github.com/LaswitchTech/coreLogger/issues",
                "source": "https://github.com/LaswitchTech/coreLogger/tree/v1.0.4"
            },
            "funding": [
                {
                    "url": "https://github.com/LaswitchTech",
                    "type": "github"
                }
            ],
            "time": "2024-07-18T17:54:55+00:00"
        },
        {
            "name": "laswitchtech/core-net",
            "version": "v1.0.1",
            "source": {
                "type": "git",
                "url": "https://github.com/LaswitchTech/coreNet.git",
                "reference": "2abe7a9e18fc9abf6b90e5477299d3147d36a762"
            },
            "dist": {
                "type": "zip",
                "url": "https://api.github.com/repos/LaswitchTech/coreNet/zipball/2abe7a9e18fc9abf6b90e5477299d3147d36a762",
                "reference": "2abe7a9e18fc9abf6b90e5477299d3147d36a762",
                "shasum": ""
            },
            "require": {
                "laswitchtech/core-logger": "^1.0"
            },
            "type": "library",
            "autoload": {
                "psr-4": {
                    "LaswitchTech\\coreNet\\": "src/"
                }
            },
            "notification-url": "https://packagist.org/downloads/",
            "license": [
                "MIT"
            ],
            "authors": [
                {
                    "name": "Louis Ouellet",
                    "email": "louis_ouellet@hotmail.com"
                }
            ],
            "description": "Network Toolkit Library for the Laswitch Core Framework",
            "support": {
                "issues": "https://github.com/LaswitchTech/coreNet/issues",
                "source": "https://github.com/LaswitchTech/coreNet/tree/v1.0.1"
            },
            "funding": [
                {
                    "url": "https://github.com/LaswitchTech",
                    "type": "github"
                }
            ],
            "time": "2024-06-26T23:59:49+00:00"
        },
        {
            "name": "laswitchtech/core-router",
            "version": "v1.0.0",
            "source": {
                "type": "git",
                "url": "https://github.com/LaswitchTech/coreRouter.git",
                "reference": "88c3d6d69c45867c2981ed3aacbc06438a011a9a"
            },
            "dist": {
                "type": "zip",
                "url": "https://api.github.com/repos/LaswitchTech/coreRouter/zipball/88c3d6d69c45867c2981ed3aacbc06438a011a9a",
                "reference": "88c3d6d69c45867c2981ed3aacbc06438a011a9a",
                "shasum": ""
            },
            "require": {
                "laswitchtech/core-base": "^1.1",
                "laswitchtech/core-locale": "^1.0"
            },
            "type": "library",
            "autoload": {
                "psr-4": {
                    "LaswitchTech\\coreRouter\\": "src/"
                }
            },
            "notification-url": "https://packagist.org/downloads/",
            "license": [
                "MIT"
            ],
            "authors": [
                {
                    "name": "Louis Ouellet",
                    "email": "louis_ouellet@hotmail.com"
                }
            ],
            "description": "Router Library for the Laswitch Core Framework",
            "support": {
                "issues": "https://github.com/LaswitchTech/coreRouter/issues",
                "source": "https://github.com/LaswitchTech/coreRouter/tree/v1.0.0"
            },
            "funding": [
                {
                    "url": "https://github.com/LaswitchTech",
                    "type": "github"
                }
            ],
            "time": "2024-07-23T19:55:44+00:00"
        },
        {
            "name": "laswitchtech/core-sls",
            "version": "v1.0.0",
            "source": {
                "type": "git",
                "url": "https://github.com/LaswitchTech/coreSLS.git",
                "reference": "054a2973cf65005984e4daa6c12870281611bca8"
            },
            "dist": {
                "type": "zip",
                "url": "https://api.github.com/repos/LaswitchTech/coreSLS/zipball/054a2973cf65005984e4daa6c12870281611bca8",
                "reference": "054a2973cf65005984e4daa6c12870281611bca8",
                "shasum": ""
            },
            "require": {
                "laswitchtech/core-database": "^1.0"
            },
            "type": "library",
            "autoload": {
                "psr-4": {
                    "LaswitchTech\\coreSLS\\": "src/"
                }
            },
            "notification-url": "https://packagist.org/downloads/",
            "license": [
                "MIT"
            ],
            "authors": [
                {
                    "name": "Louis Ouellet",
                    "email": "louis_ouellet@hotmail.com"
                }
            ],
            "description": "Software License Server Library for the Laswitch Core Framework",
            "support": {
                "issues": "https://github.com/LaswitchTech/coreSLS/issues",
                "source": "https://github.com/LaswitchTech/coreSLS/tree/v1.0.0"
            },
            "funding": [
                {
                    "url": "https://github.com/LaswitchTech",
                    "type": "github"
                }
            ],
            "time": "2024-07-24T20:58:34+00:00"
        }
    ],
    "packages-dev": [],
    "aliases": [],
    "minimum-stability": "stable",
    "stability-flags": [],
    "prefer-stable": false,
    "prefer-lowest": false,
    "platform": [],
    "platform-dev": [],
    "plugin-api-version": "2.6.0"
}
